
Microsoft Visual Studio Solution File, Format Version 12.00
# Visual Studio Version 16
VisualStudioVersion = 16.0.29102.190
MinimumVisualStudioVersion = 10.0.40219.1
Project("{9A19103F-16F7-4668-BE54-9A1E7A4F7556}") = "Onboarding-Backend", "Onboarding-Backend\Onboarding-Backend.csproj", "{39095529-3ACB-49DE-845D-D0CF87D16528}"
EndProject
Project("{2150E333-8FDC-42A3-9474-1A3956D46DE8}") = "Solution Items", "Solution Items", "{044AD1D0-CB73-4D08-B47E-2BD095C3F0AD}"
	ProjectSection(SolutionItems) = preProject
		.dockerignore = .dockerignore
		.gitlab-ci.yml = .gitlab-ci.yml
		docker-compose.yml = docker-compose.yml
		Dockerfile = Dockerfile
		swagger-v1.json = swagger-v1.json
	EndProjectSection
EndProject
Global
	GlobalSection(SolutionConfigurationPlatforms) = preSolution
		Debug|Any CPU = Debug|Any CPU
		Release|Any CPU = Release|Any CPU
	EndGlobalSection
	GlobalSection(ProjectConfigurationPlatforms) = postSolution
		{39095529-3ACB-49DE-845D-D0CF87D16528}.Debug|Any CPU.ActiveCfg = Debug|Any CPU
		{39095529-3ACB-49DE-845D-D0CF87D16528}.Debug|Any CPU.Build.0 = Debug|Any CPU
		{39095529-3ACB-49DE-845D-D0CF87D16528}.Release|Any CPU.ActiveCfg = Release|Any CPU
		{39095529-3ACB-49DE-845D-D0CF87D16528}.Release|Any CPU.Build.0 = Release|Any CPU
	EndGlobalSection
	GlobalSection(SolutionProperties) = preSolution
		HideSolutionNode = FALSE
	EndGlobalSection
	GlobalSection(ExtensibilityGlobals) = postSolution
		SolutionGuid = {8D65D43B-04C8-4ABD-B30B-9008007D3C02}
	EndGlobalSection
EndGlobal
